// !$*UTF8*$!
{
	archiveVersion = 1;
	classes = {
	};
	objectVersion = 55;
	objects = {

/* Begin PBXBuildFile section */
		8C0F9D70285018BD0050276B /* AfricaApp.swift in Sources */ = {isa = PBXBuildFile; fileRef = 8C0F9D60285018BD0050276B /* AfricaApp.swift */; };
		8C0F9D71285018BD0050276B /* AfricaApp.swift in Sources */ = {isa = PBXBuildFile; fileRef = 8C0F9D60285018BD0050276B /* AfricaApp.swift */; };
		8C0F9D72285018BD0050276B /* ContentView.swift in Sources */ = {isa = PBXBuildFile; fileRef = 8C0F9D61285018BD0050276B /* ContentView.swift */; };
		8C0F9D73285018BD0050276B /* ContentView.swift in Sources */ = {isa = PBXBuildFile; fileRef = 8C0F9D61285018BD0050276B /* ContentView.swift */; };
		8C0F9D74285018BD0050276B /* Assets.xcassets in Resources */ = {isa = PBXBuildFile; fileRef = 8C0F9D62285018BD0050276B /* Assets.xcassets */; };
		8C0F9D75285018BD0050276B /* Assets.xcassets in Resources */ = {isa = PBXBuildFile; fileRef = 8C0F9D62285018BD0050276B /* Assets.xcassets */; };
		8C0F9D8928501AF70050276B /* zebra.mp4 in Resources */ = {isa = PBXBuildFile; fileRef = 8C0F9D7F28501AF60050276B /* zebra.mp4 */; };
		8C0F9D8A28501AF70050276B /* zebra.mp4 in Resources */ = {isa = PBXBuildFile; fileRef = 8C0F9D7F28501AF60050276B /* zebra.mp4 */; };
		8C0F9D8B28501AF70050276B /* elephant.mp4 in Resources */ = {isa = PBXBuildFile; fileRef = 8C0F9D8028501AF60050276B /* elephant.mp4 */; };
		8C0F9D8C28501AF70050276B /* elephant.mp4 in Resources */ = {isa = PBXBuildFile; fileRef = 8C0F9D8028501AF60050276B /* elephant.mp4 */; };
		8C0F9D8D28501AF70050276B /* hippo.mp4 in Resources */ = {isa = PBXBuildFile; fileRef = 8C0F9D8128501AF60050276B /* hippo.mp4 */; };
		8C0F9D8E28501AF70050276B /* hippo.mp4 in Resources */ = {isa = PBXBuildFile; fileRef = 8C0F9D8128501AF60050276B /* hippo.mp4 */; };
		8C0F9D8F28501AF70050276B /* ostrich.mp4 in Resources */ = {isa = PBXBuildFile; fileRef = 8C0F9D8228501AF60050276B /* ostrich.mp4 */; };
		8C0F9D9028501AF70050276B /* ostrich.mp4 in Resources */ = {isa = PBXBuildFile; fileRef = 8C0F9D8228501AF60050276B /* ostrich.mp4 */; };
		8C0F9D9128501AF70050276B /* lion.mp4 in Resources */ = {isa = PBXBuildFile; fileRef = 8C0F9D8328501AF70050276B /* lion.mp4 */; };
		8C0F9D9228501AF70050276B /* lion.mp4 in Resources */ = {isa = PBXBuildFile; fileRef = 8C0F9D8328501AF70050276B /* lion.mp4 */; };
		8C0F9D9328501AF70050276B /* lioness.mp4 in Resources */ = {isa = PBXBuildFile; fileRef = 8C0F9D8428501AF70050276B /* lioness.mp4 */; };
		8C0F9D9428501AF70050276B /* lioness.mp4 in Resources */ = {isa = PBXBuildFile; fileRef = 8C0F9D8428501AF70050276B /* lioness.mp4 */; };
		8C0F9D9528501AF70050276B /* giraffe.mp4 in Resources */ = {isa = PBXBuildFile; fileRef = 8C0F9D8528501AF70050276B /* giraffe.mp4 */; };
		8C0F9D9628501AF70050276B /* giraffe.mp4 in Resources */ = {isa = PBXBuildFile; fileRef = 8C0F9D8528501AF70050276B /* giraffe.mp4 */; };
		8C0F9D9728501AF70050276B /* gorilla.mp4 in Resources */ = {isa = PBXBuildFile; fileRef = 8C0F9D8628501AF70050276B /* gorilla.mp4 */; };
		8C0F9D9828501AF70050276B /* gorilla.mp4 in Resources */ = {isa = PBXBuildFile; fileRef = 8C0F9D8628501AF70050276B /* gorilla.mp4 */; };
		8C0F9D9928501AF70050276B /* cheetah.mp4 in Resources */ = {isa = PBXBuildFile; fileRef = 8C0F9D8728501AF70050276B /* cheetah.mp4 */; };
		8C0F9D9A28501AF70050276B /* cheetah.mp4 in Resources */ = {isa = PBXBuildFile; fileRef = 8C0F9D8728501AF70050276B /* cheetah.mp4 */; };
		8C0F9D9B28501AF70050276B /* rhino.mp4 in Resources */ = {isa = PBXBuildFile; fileRef = 8C0F9D8828501AF70050276B /* rhino.mp4 */; };
		8C0F9D9C28501AF70050276B /* rhino.mp4 in Resources */ = {isa = PBXBuildFile; fileRef = 8C0F9D8828501AF70050276B /* rhino.mp4 */; };
		8C0F9DA228501B650050276B /* animals.json in Resources */ = {isa = PBXBuildFile; fileRef = 8C0F9D9E28501B650050276B /* animals.json */; };
		8C0F9DA328501B650050276B /* animals.json in Resources */ = {isa = PBXBuildFile; fileRef = 8C0F9D9E28501B650050276B /* animals.json */; };
		8C0F9DA428501B650050276B /* covers.json in Resources */ = {isa = PBXBuildFile; fileRef = 8C0F9D9F28501B650050276B /* covers.json */; };
		8C0F9DA528501B650050276B /* covers.json in Resources */ = {isa = PBXBuildFile; fileRef = 8C0F9D9F28501B650050276B /* covers.json */; };
		8C0F9DA628501B650050276B /* videos.json in Resources */ = {isa = PBXBuildFile; fileRef = 8C0F9DA028501B650050276B /* videos.json */; };
		8C0F9DA728501B650050276B /* videos.json in Resources */ = {isa = PBXBuildFile; fileRef = 8C0F9DA028501B650050276B /* videos.json */; };
		8C0F9DA828501B650050276B /* locations.json in Resources */ = {isa = PBXBuildFile; fileRef = 8C0F9DA128501B650050276B /* locations.json */; };
		8C0F9DA928501B650050276B /* locations.json in Resources */ = {isa = PBXBuildFile; fileRef = 8C0F9DA128501B650050276B /* locations.json */; };
		8C0F9DAD28501D490050276B /* VideoListView.swift in Sources */ = {isa = PBXBuildFile; fileRef = 8C0F9DAC28501D490050276B /* VideoListView.swift */; };
		8C0F9DAE28501D490050276B /* VideoListView.swift in Sources */ = {isa = PBXBuildFile; fileRef = 8C0F9DAC28501D490050276B /* VideoListView.swift */; };
		8C0F9DB028501D630050276B /* MapView.swift in Sources */ = {isa = PBXBuildFile; fileRef = 8C0F9DAF28501D630050276B /* MapView.swift */; };
		8C0F9DB128501D630050276B /* MapView.swift in Sources */ = {isa = PBXBuildFile; fileRef = 8C0F9DAF28501D630050276B /* MapView.swift */; };
		8C0F9DB328501DA30050276B /* GalleryView.swift in Sources */ = {isa = PBXBuildFile; fileRef = 8C0F9DB228501DA30050276B /* GalleryView.swift */; };
		8C0F9DB428501DA30050276B /* GalleryView.swift in Sources */ = {isa = PBXBuildFile; fileRef = 8C0F9DB228501DA30050276B /* GalleryView.swift */; };
		8C0F9DB628501DB30050276B /* MainView.swift in Sources */ = {isa = PBXBuildFile; fileRef = 8C0F9DB528501DB30050276B /* MainView.swift */; };
		8C0F9DB728501DB30050276B /* MainView.swift in Sources */ = {isa = PBXBuildFile; fileRef = 8C0F9DB528501DB30050276B /* MainView.swift */; };
		8C0F9DBA28501FB30050276B /* CoverImageView.swift in Sources */ = {isa = PBXBuildFile; fileRef = 8C0F9DB928501FB30050276B /* CoverImageView.swift */; };
		8C0F9DBB28501FB30050276B /* CoverImageView.swift in Sources */ = {isa = PBXBuildFile; fileRef = 8C0F9DB928501FB30050276B /* CoverImageView.swift */; };
		8C0F9DBE285021C70050276B /* CoverImageModel.swift in Sources */ = {isa = PBXBuildFile; fileRef = 8C0F9DBD285021C70050276B /* CoverImageModel.swift */; };
		8C0F9DBF285021C70050276B /* CoverImageModel.swift in Sources */ = {isa = PBXBuildFile; fileRef = 8C0F9DBD285021C70050276B /* CoverImageModel.swift */; };
		8C0F9DC2285026160050276B /* CodableBundleExtension.swift in Sources */ = {isa = PBXBuildFile; fileRef = 8C0F9DC1285026160050276B /* CodableBundleExtension.swift */; };
		8C0F9DC3285026160050276B /* CodableBundleExtension.swift in Sources */ = {isa = PBXBuildFile; fileRef = 8C0F9DC1285026160050276B /* CodableBundleExtension.swift */; };
		8C0F9DC528503DEC0050276B /* AnimalListItemView.swift in Sources */ = {isa = PBXBuildFile; fileRef = 8C0F9DC428503DEC0050276B /* AnimalListItemView.swift */; };
		8C0F9DC628503DEC0050276B /* AnimalListItemView.swift in Sources */ = {isa = PBXBuildFile; fileRef = 8C0F9DC428503DEC0050276B /* AnimalListItemView.swift */; };
		8C0F9DC828503F800050276B /* AnimalModel.swift in Sources */ = {isa = PBXBuildFile; fileRef = 8C0F9DC728503F800050276B /* AnimalModel.swift */; };
		8C0F9DC928503F800050276B /* AnimalModel.swift in Sources */ = {isa = PBXBuildFile; fileRef = 8C0F9DC728503F800050276B /* AnimalModel.swift */; };
		8C0F9DCB2850465F0050276B /* AnimalDetailView.swift in Sources */ = {isa = PBXBuildFile; fileRef = 8C0F9DCA2850465F0050276B /* AnimalDetailView.swift */; };
		8C0F9DCC2850465F0050276B /* AnimalDetailView.swift in Sources */ = {isa = PBXBuildFile; fileRef = 8C0F9DCA2850465F0050276B /* AnimalDetailView.swift */; };
		8C0F9DCE2850487B0050276B /* HeadingView.swift in Sources */ = {isa = PBXBuildFile; fileRef = 8C0F9DCD2850487B0050276B /* HeadingView.swift */; };
		8C0F9DCF2850487B0050276B /* HeadingView.swift in Sources */ = {isa = PBXBuildFile; fileRef = 8C0F9DCD2850487B0050276B /* HeadingView.swift */; };
		8C0F9DD1285049AE0050276B /* InsetGalleryView.swift in Sources */ = {isa = PBXBuildFile; fileRef = 8C0F9DD0285049AE0050276B /* InsetGalleryView.swift */; };
		8C0F9DD2285049AE0050276B /* InsetGalleryView.swift in Sources */ = {isa = PBXBuildFile; fileRef = 8C0F9DD0285049AE0050276B /* InsetGalleryView.swift */; };
		8C0F9DD428504BF60050276B /* InsetFactView.swift in Sources */ = {isa = PBXBuildFile; fileRef = 8C0F9DD328504BF60050276B /* InsetFactView.swift */; };
		8C0F9DD528504BF60050276B /* InsetFactView.swift in Sources */ = {isa = PBXBuildFile; fileRef = 8C0F9DD328504BF60050276B /* InsetFactView.swift */; };
		8C0F9DD728504E800050276B /* InsetMapView.swift in Sources */ = {isa = PBXBuildFile; fileRef = 8C0F9DD628504E800050276B /* InsetMapView.swift */; };
		8C0F9DD828504E800050276B /* InsetMapView.swift in Sources */ = {isa = PBXBuildFile; fileRef = 8C0F9DD628504E800050276B /* InsetMapView.swift */; };
		8C0F9DDA285052FE0050276B /* ExternalWeblinkView.swift in Sources */ = {isa = PBXBuildFile; fileRef = 8C0F9DD9285052FE0050276B /* ExternalWeblinkView.swift */; };
		8C0F9DDB285052FE0050276B /* ExternalWeblinkView.swift in Sources */ = {isa = PBXBuildFile; fileRef = 8C0F9DD9285052FE0050276B /* ExternalWeblinkView.swift */; };
		8C444AFF2851004600D0A280 /* VideoModel.swift in Sources */ = {isa = PBXBuildFile; fileRef = 8C444AFE2851004600D0A280 /* VideoModel.swift */; };
		8C444B002851004600D0A280 /* VideoModel.swift in Sources */ = {isa = PBXBuildFile; fileRef = 8C444AFE2851004600D0A280 /* VideoModel.swift */; };
		8C444B02285100BE00D0A280 /* VideoListItemView.swift in Sources */ = {isa = PBXBuildFile; fileRef = 8C444B01285100BE00D0A280 /* VideoListItemView.swift */; };
		8C444B03285100BE00D0A280 /* VideoListItemView.swift in Sources */ = {isa = PBXBuildFile; fileRef = 8C444B01285100BE00D0A280 /* VideoListItemView.swift */; };
/* End PBXBuildFile section */

/* Begin PBXFileReference section */
		8C0F9D60285018BD0050276B /* AfricaApp.swift */ = {isa = PBXFileReference; lastKnownFileType = sourcecode.swift; path = AfricaApp.swift; sourceTree = "<group>"; };
		8C0F9D61285018BD0050276B /* ContentView.swift */ = {isa = PBXFileReference; lastKnownFileType = sourcecode.swift; path = ContentView.swift; sourceTree = "<group>"; };
		8C0F9D62285018BD0050276B /* Assets.xcassets */ = {isa = PBXFileReference; lastKnownFileType = folder.assetcatalog; path = Assets.xcassets; sourceTree = "<group>"; };
		8C0F9D67285018BD0050276B /* Africa.app */ = {isa = PBXFileReference; explicitFileType = wrapper.application; includeInIndex = 0; path = Africa.app; sourceTree = BUILT_PRODUCTS_DIR; };
		8C0F9D6D285018BD0050276B /* Africa.app */ = {isa = PBXFileReference; explicitFileType = wrapper.application; includeInIndex = 0; path = Africa.app; sourceTree = BUILT_PRODUCTS_DIR; };
		8C0F9D6F285018BD0050276B /* macOS.entitlements */ = {isa = PBXFileReference; lastKnownFileType = text.plist.entitlements; path = macOS.entitlements; sourceTree = "<group>"; };
		8C0F9D7F28501AF60050276B /* zebra.mp4 */ = {isa = PBXFileReference; lastKnownFileType = file; path = zebra.mp4; sourceTree = "<group>"; };
		8C0F9D8028501AF60050276B /* elephant.mp4 */ = {isa = PBXFileReference; lastKnownFileType = file; path = elephant.mp4; sourceTree = "<group>"; };
		8C0F9D8128501AF60050276B /* hippo.mp4 */ = {isa = PBXFileReference; lastKnownFileType = file; path = hippo.mp4; sourceTree = "<group>"; };
		8C0F9D8228501AF60050276B /* ostrich.mp4 */ = {isa = PBXFileReference; lastKnownFileType = file; path = ostrich.mp4; sourceTree = "<group>"; };
		8C0F9D8328501AF70050276B /* lion.mp4 */ = {isa = PBXFileReference; lastKnownFileType = file; path = lion.mp4; sourceTree = "<group>"; };
		8C0F9D8428501AF70050276B /* lioness.mp4 */ = {isa = PBXFileReference; lastKnownFileType = file; path = lioness.mp4; sourceTree = "<group>"; };
		8C0F9D8528501AF70050276B /* giraffe.mp4 */ = {isa = PBXFileReference; lastKnownFileType = file; path = giraffe.mp4; sourceTree = "<group>"; };
		8C0F9D8628501AF70050276B /* gorilla.mp4 */ = {isa = PBXFileReference; lastKnownFileType = file; path = gorilla.mp4; sourceTree = "<group>"; };
		8C0F9D8728501AF70050276B /* cheetah.mp4 */ = {isa = PBXFileReference; lastKnownFileType = file; path = cheetah.mp4; sourceTree = "<group>"; };
		8C0F9D8828501AF70050276B /* rhino.mp4 */ = {isa = PBXFileReference; lastKnownFileType = file; path = rhino.mp4; sourceTree = "<group>"; };
		8C0F9D9E28501B650050276B /* animals.json */ = {isa = PBXFileReference; fileEncoding = 4; lastKnownFileType = text.json; path = animals.json; sourceTree = "<group>"; };
		8C0F9D9F28501B650050276B /* covers.json */ = {isa = PBXFileReference; fileEncoding = 4; lastKnownFileType = text.json; path = covers.json; sourceTree = "<group>"; };
		8C0F9DA028501B650050276B /* videos.json */ = {isa = PBXFileReference; fileEncoding = 4; lastKnownFileType = text.json; path = videos.json; sourceTree = "<group>"; };
		8C0F9DA128501B650050276B /* locations.json */ = {isa = PBXFileReference; fileEncoding = 4; lastKnownFileType = text.json; path = locations.json; sourceTree = "<group>"; };
		8C0F9DAA28501C530050276B /* Africa--iOS--Info.plist */ = {isa = PBXFileReference; lastKnownFileType = text.plist; path = "Africa--iOS--Info.plist"; sourceTree = "<group>"; };
		8C0F9DAC28501D490050276B /* VideoListView.swift */ = {isa = PBXFileReference; lastKnownFileType = sourcecode.swift; path = VideoListView.swift; sourceTree = "<group>"; };
		8C0F9DAF28501D630050276B /* MapView.swift */ = {isa = PBXFileReference; lastKnownFileType = sourcecode.swift; path = MapView.swift; sourceTree = "<group>"; };
		8C0F9DB228501DA30050276B /* GalleryView.swift */ = {isa = PBXFileReference; lastKnownFileType = sourcecode.swift; path = GalleryView.swift; sourceTree = "<group>"; };
		8C0F9DB528501DB30050276B /* MainView.swift */ = {isa = PBXFileReference; lastKnownFileType = sourcecode.swift; path = MainView.swift; sourceTree = "<group>"; };
		8C0F9DB928501FB30050276B /* CoverImageView.swift */ = {isa = PBXFileReference; lastKnownFileType = sourcecode.swift; path = CoverImageView.swift; sourceTree = "<group>"; };
		8C0F9DBD285021C70050276B /* CoverImageModel.swift */ = {isa = PBXFileReference; lastKnownFileType = sourcecode.swift; path = CoverImageModel.swift; sourceTree = "<group>"; };
		8C0F9DC1285026160050276B /* CodableBundleExtension.swift */ = {isa = PBXFileReference; lastKnownFileType = sourcecode.swift; path = CodableBundleExtension.swift; sourceTree = "<group>"; };
		8C0F9DC428503DEC0050276B /* AnimalListItemView.swift */ = {isa = PBXFileReference; lastKnownFileType = sourcecode.swift; path = AnimalListItemView.swift; sourceTree = "<group>"; };
		8C0F9DC728503F800050276B /* AnimalModel.swift */ = {isa = PBXFileReference; lastKnownFileType = sourcecode.swift; path = AnimalModel.swift; sourceTree = "<group>"; };
		8C0F9DCA2850465F0050276B /* AnimalDetailView.swift */ = {isa = PBXFileReference; lastKnownFileType = sourcecode.swift; path = AnimalDetailView.swift; sourceTree = "<group>"; };
		8C0F9DCD2850487B0050276B /* HeadingView.swift */ = {isa = PBXFileReference; lastKnownFileType = sourcecode.swift; path = HeadingView.swift; sourceTree = "<group>"; };
		8C0F9DD0285049AE0050276B /* InsetGalleryView.swift */ = {isa = PBXFileReference; lastKnownFileType = sourcecode.swift; path = InsetGalleryView.swift; sourceTree = "<group>"; };
		8C0F9DD328504BF60050276B /* InsetFactView.swift */ = {isa = PBXFileReference; lastKnownFileType = sourcecode.swift; path = InsetFactView.swift; sourceTree = "<group>"; };
		8C0F9DD628504E800050276B /* InsetMapView.swift */ = {isa = PBXFileReference; lastKnownFileType = sourcecode.swift; path = InsetMapView.swift; sourceTree = "<group>"; };
		8C0F9DD9285052FE0050276B /* ExternalWeblinkView.swift */ = {isa = PBXFileReference; lastKnownFileType = sourcecode.swift; path = ExternalWeblinkView.swift; sourceTree = "<group>"; };
		8C444AFE2851004600D0A280 /* VideoModel.swift */ = {isa = PBXFileReference; lastKnownFileType = sourcecode.swift; path = VideoModel.swift; sourceTree = "<group>"; };
		8C444B01285100BE00D0A280 /* VideoListItemView.swift */ = {isa = PBXFileReference; lastKnownFileType = sourcecode.swift; path = VideoListItemView.swift; sourceTree = "<group>"; };
/* End PBXFileReference section */

/* Begin PBXFrameworksBuildPhase section */
		8C0F9D64285018BD0050276B /* Frameworks */ = {
			isa = PBXFrameworksBuildPhase;
			buildActionMask = 2147483647;
			files = (
			);
			runOnlyForDeploymentPostprocessing = 0;
		};
		8C0F9D6A285018BD0050276B /* Frameworks */ = {
			isa = PBXFrameworksBuildPhase;
			buildActionMask = 2147483647;
			files = (
			);
			runOnlyForDeploymentPostprocessing = 0;
		};
/* End PBXFrameworksBuildPhase section */

/* Begin PBXGroup section */
		8C0F9D5A285018BD0050276B = {
			isa = PBXGroup;
			children = (
				8C0F9DAA28501C530050276B /* Africa--iOS--Info.plist */,
				8C0F9D5F285018BD0050276B /* Shared */,
				8C0F9D6E285018BD0050276B /* macOS */,
				8C0F9D68285018BD0050276B /* Products */,
			);
			sourceTree = "<group>";
		};
		8C0F9D5F285018BD0050276B /* Shared */ = {
			isa = PBXGroup;
			children = (
				8C0F9DC0285026030050276B /* Extension */,
				8C0F9DBC2850218F0050276B /* Model */,
				8C0F9DB828501FA40050276B /* View */,
				8C0F9D9D28501B540050276B /* Data */,
				8C0F9D7E28501AE00050276B /* Video */,
				8C0F9DAB28501D050050276B /* App */,
				8C0F9D62285018BD0050276B /* Assets.xcassets */,
			);
			path = Shared;
			sourceTree = "<group>";
		};
		8C0F9D68285018BD0050276B /* Products */ = {
			isa = PBXGroup;
			children = (
				8C0F9D67285018BD0050276B /* Africa.app */,
				8C0F9D6D285018BD0050276B /* Africa.app */,
			);
			name = Products;
			sourceTree = "<group>";
		};
		8C0F9D6E285018BD0050276B /* macOS */ = {
			isa = PBXGroup;
			children = (
				8C0F9D6F285018BD0050276B /* macOS.entitlements */,
			);
			path = macOS;
			sourceTree = "<group>";
		};
		8C0F9D7E28501AE00050276B /* Video */ = {
			isa = PBXGroup;
			children = (
				8C0F9D8728501AF70050276B /* cheetah.mp4 */,
				8C0F9D8028501AF60050276B /* elephant.mp4 */,
				8C0F9D8528501AF70050276B /* giraffe.mp4 */,
				8C0F9D8628501AF70050276B /* gorilla.mp4 */,
				8C0F9D8128501AF60050276B /* hippo.mp4 */,
				8C0F9D8328501AF70050276B /* lion.mp4 */,
				8C0F9D8428501AF70050276B /* lioness.mp4 */,
				8C0F9D8228501AF60050276B /* ostrich.mp4 */,
				8C0F9D8828501AF70050276B /* rhino.mp4 */,
				8C0F9D7F28501AF60050276B /* zebra.mp4 */,
			);
			path = Video;
			sourceTree = "<group>";
		};
		8C0F9D9D28501B540050276B /* Data */ = {
			isa = PBXGroup;
			children = (
				8C0F9D9E28501B650050276B /* animals.json */,
				8C0F9D9F28501B650050276B /* covers.json */,
				8C0F9DA128501B650050276B /* locations.json */,
				8C0F9DA028501B650050276B /* videos.json */,
			);
			path = Data;
			sourceTree = "<group>";
		};
		8C0F9DAB28501D050050276B /* App */ = {
			isa = PBXGroup;
			children = (
				8C0F9D60285018BD0050276B /* AfricaApp.swift */,
				8C0F9D61285018BD0050276B /* ContentView.swift */,
				8C0F9DAC28501D490050276B /* VideoListView.swift */,
				8C0F9DAF28501D630050276B /* MapView.swift */,
				8C0F9DB228501DA30050276B /* GalleryView.swift */,
				8C0F9DB528501DB30050276B /* MainView.swift */,
			);
			path = App;
			sourceTree = "<group>";
		};
		8C0F9DB828501FA40050276B /* View */ = {
			isa = PBXGroup;
			children = (
				8C0F9DB928501FB30050276B /* CoverImageView.swift */,
				8C0F9DC428503DEC0050276B /* AnimalListItemView.swift */,
				8C0F9DCA2850465F0050276B /* AnimalDetailView.swift */,
				8C0F9DCD2850487B0050276B /* HeadingView.swift */,
				8C0F9DD0285049AE0050276B /* InsetGalleryView.swift */,
				8C0F9DD328504BF60050276B /* InsetFactView.swift */,
				8C0F9DD628504E800050276B /* InsetMapView.swift */,
				8C0F9DD9285052FE0050276B /* ExternalWeblinkView.swift */,
				8C444B01285100BE00D0A280 /* VideoListItemView.swift */,
			);
			path = View;
			sourceTree = "<group>";
		};
		8C0F9DBC2850218F0050276B /* Model */ = {
			isa = PBXGroup;
			children = (
				8C0F9DBD285021C70050276B /* CoverImageModel.swift */,
				8C0F9DC728503F800050276B /* AnimalModel.swift */,
				8C444AFE2851004600D0A280 /* VideoModel.swift */,
			);
			path = Model;
			sourceTree = "<group>";
		};
		8C0F9DC0285026030050276B /* Extension */ = {
			isa = PBXGroup;
			children = (
				8C0F9DC1285026160050276B /* CodableBundleExtension.swift */,
			);
			path = Extension;
			sourceTree = "<group>";
		};
/* End PBXGroup section */

/* Begin PBXNativeTarget section */
		8C0F9D66285018BD0050276B /* Africa (iOS) */ = {
			isa = PBXNativeTarget;
			buildConfigurationList = 8C0F9D78285018BD0050276B /* Build configuration list for PBXNativeTarget "Africa (iOS)" */;
			buildPhases = (
				8C0F9D63285018BD0050276B /* Sources */,
				8C0F9D64285018BD0050276B /* Frameworks */,
				8C0F9D65285018BD0050276B /* Resources */,
			);
			buildRules = (
			);
			dependencies = (
			);
			name = "Africa (iOS)";
			productName = "Africa (iOS)";
			productReference = 8C0F9D67285018BD0050276B /* Africa.app */;
			productType = "com.apple.product-type.application";
		};
		8C0F9D6C285018BD0050276B /* Africa (macOS) */ = {
			isa = PBXNativeTarget;
			buildConfigurationList = 8C0F9D7B285018BD0050276B /* Build configuration list for PBXNativeTarget "Africa (macOS)" */;
			buildPhases = (
				8C0F9D69285018BD0050276B /* Sources */,
				8C0F9D6A285018BD0050276B /* Frameworks */,
				8C0F9D6B285018BD0050276B /* Resources */,
			);
			buildRules = (
			);
			dependencies = (
			);
			name = "Africa (macOS)";
			productName = "Africa (macOS)";
			productReference = 8C0F9D6D285018BD0050276B /* Africa.app */;
			productType = "com.apple.product-type.application";
		};
/* End PBXNativeTarget section */

/* Begin PBXProject section */
		8C0F9D5B285018BD0050276B /* Project object */ = {
			isa = PBXProject;
			attributes = {
				BuildIndependentTargetsInParallel = 1;
				LastSwiftUpdateCheck = 1340;
				LastUpgradeCheck = 1340;
				TargetAttributes = {
					8C0F9D66285018BD0050276B = {
						CreatedOnToolsVersion = 13.4.1;
					};
					8C0F9D6C285018BD0050276B = {
						CreatedOnToolsVersion = 13.4.1;
					};
				};
			};
			buildConfigurationList = 8C0F9D5E285018BD0050276B /* Build configuration list for PBXProject "Africa" */;
			compatibilityVersion = "Xcode 13.0";
			developmentRegion = en;
			hasScannedForEncodings = 0;
			knownRegions = (
				en,
				Base,
			);
			mainGroup = 8C0F9D5A285018BD0050276B;
			productRefGroup = 8C0F9D68285018BD0050276B /* Products */;
			projectDirPath = "";
			projectRoot = "";
			targets = (
				8C0F9D66285018BD0050276B /* Africa (iOS) */,
				8C0F9D6C285018BD0050276B /* Africa (macOS) */,
			);
		};
/* End PBXProject section */

/* Begin PBXResourcesBuildPhase section */
		8C0F9D65285018BD0050276B /* Resources */ = {
			isa = PBXResourcesBuildPhase;
			buildActionMask = 2147483647;
			files = (
				8C0F9DA428501B650050276B /* covers.json in Resources */,
				8C0F9D8D28501AF70050276B /* hippo.mp4 in Resources */,
				8C0F9D9728501AF70050276B /* gorilla.mp4 in Resources */,
				8C0F9DA628501B650050276B /* videos.json in Resources */,
				8C0F9D9128501AF70050276B /* lion.mp4 in Resources */,
				8C0F9D8928501AF70050276B /* zebra.mp4 in Resources */,
				8C0F9D74285018BD0050276B /* Assets.xcassets in Resources */,
				8C0F9DA828501B650050276B /* locations.json in Resources */,
				8C0F9D8F28501AF70050276B /* ostrich.mp4 in Resources */,
				8C0F9D9928501AF70050276B /* cheetah.mp4 in Resources */,
				8C0F9D9328501AF70050276B /* lioness.mp4 in Resources */,
				8C0F9D9528501AF70050276B /* giraffe.mp4 in Resources */,
				8C0F9DA228501B650050276B /* animals.json in Resources */,
				8C0F9D9B28501AF70050276B /* rhino.mp4 in Resources */,
				8C0F9D8B28501AF70050276B /* elephant.mp4 in Resources */,
			);
			runOnlyForDeploymentPostprocessing = 0;
		};
		8C0F9D6B285018BD0050276B /* Resources */ = {
			isa = PBXResourcesBuildPhase;
			buildActionMask = 2147483647;
			files = (
				8C0F9DA528501B650050276B /* covers.json in Resources */,
				8C0F9D8E28501AF70050276B /* hippo.mp4 in Resources */,
				8C0F9D9828501AF70050276B /* gorilla.mp4 in Resources */,
				8C0F9DA728501B650050276B /* videos.json in Resources */,
				8C0F9D9228501AF70050276B /* lion.mp4 in Resources */,
				8C0F9D8A28501AF70050276B /* zebra.mp4 in Resources */,
				8C0F9D75285018BD0050276B /* Assets.xcassets in Resources */,
				8C0F9DA928501B650050276B /* locations.json in Resources */,
				8C0F9D9028501AF70050276B /* ostrich.mp4 in Resources */,
				8C0F9D9A28501AF70050276B /* cheetah.mp4 in Resources */,
				8C0F9D9428501AF70050276B /* lioness.mp4 in Resources */,
				8C0F9D9628501AF70050276B /* giraffe.mp4 in Resources */,
				8C0F9DA328501B650050276B /* animals.json in Resources */,
				8C0F9D9C28501AF70050276B /* rhino.mp4 in Resources */,
				8C0F9D8C28501AF70050276B /* elephant.mp4 in Resources */,
			);
			runOnlyForDeploymentPostprocessing = 0;
		};
/* End PBXResourcesBuildPhase section */

/* Begin PBXSourcesBuildPhase section */
		8C0F9D63285018BD0050276B /* Sources */ = {
			isa = PBXSourcesBuildPhase;
			buildActionMask = 2147483647;
			files = (
				8C0F9DDA285052FE0050276B /* ExternalWeblinkView.swift in Sources */,
				8C0F9D72285018BD0050276B /* ContentView.swift in Sources */,
				8C0F9DC528503DEC0050276B /* AnimalListItemView.swift in Sources */,
				8C0F9DB628501DB30050276B /* MainView.swift in Sources */,
				8C0F9DD428504BF60050276B /* InsetFactView.swift in Sources */,
				8C0F9DBA28501FB30050276B /* CoverImageView.swift in Sources */,
				8C0F9DBE285021C70050276B /* CoverImageModel.swift in Sources */,
				8C0F9DCB2850465F0050276B /* AnimalDetailView.swift in Sources */,
				8C0F9DC828503F800050276B /* AnimalModel.swift in Sources */,
				8C0F9DB028501D630050276B /* MapView.swift in Sources */,
				8C0F9DD728504E800050276B /* InsetMapView.swift in Sources */,
				8C0F9D70285018BD0050276B /* AfricaApp.swift in Sources */,
				8C0F9DAD28501D490050276B /* VideoListView.swift in Sources */,
				8C444AFF2851004600D0A280 /* VideoModel.swift in Sources */,
				8C0F9DB328501DA30050276B /* GalleryView.swift in Sources */,
				8C0F9DD1285049AE0050276B /* InsetGalleryView.swift in Sources */,
				8C444B02285100BE00D0A280 /* VideoListItemView.swift in Sources */,
				8C0F9DC2285026160050276B /* CodableBundleExtension.swift in Sources */,
				8C0F9DCE2850487B0050276B /* HeadingView.swift in Sources */,
			);
			runOnlyForDeploymentPostprocessing = 0;
		};
		8C0F9D69285018BD0050276B /* Sources */ = {
			isa = PBXSourcesBuildPhase;
			buildActionMask = 2147483647;
			files = (
				8C0F9DDB285052FE0050276B /* ExternalWeblinkView.swift in Sources */,
				8C0F9D73285018BD0050276B /* ContentView.swift in Sources */,
				8C0F9DC628503DEC0050276B /* AnimalListItemView.swift in Sources */,
				8C0F9DB728501DB30050276B /* MainView.swift in Sources */,
				8C0F9DD528504BF60050276B /* InsetFactView.swift in Sources */,
				8C0F9DBB28501FB30050276B /* CoverImageView.swift in Sources */,
				8C0F9DBF285021C70050276B /* CoverImageModel.swift in Sources */,
				8C0F9DCC2850465F0050276B /* AnimalDetailView.swift in Sources */,
				8C0F9DC928503F800050276B /* AnimalModel.swift in Sources */,
				8C0F9DB128501D630050276B /* MapView.swift in Sources */,
				8C0F9DD828504E800050276B /* InsetMapView.swift in Sources */,
				8C0F9D71285018BD0050276B /* AfricaApp.swift in Sources */,
				8C0F9DAE28501D490050276B /* VideoListView.swift in Sources */,
				8C444B002851004600D0A280 /* VideoModel.swift in Sources */,
				8C0F9DB428501DA30050276B /* GalleryView.swift in Sources */,
				8C0F9DD2285049AE0050276B /* InsetGalleryView.swift in Sources */,
				8C444B03285100BE00D0A280 /* VideoListItemView.swift in Sources */,
				8C0F9DC3285026160050276B /* CodableBundleExtension.swift in Sources */,
				8C0F9DCF2850487B0050276B /* HeadingView.swift in Sources */,
			);
			runOnlyForDeploymentPostprocessing = 0;
		};
/* End PBXSourcesBuildPhase section */

/* Begin XCBuildConfiguration section */
		8C0F9D76285018BD0050276B /* Debug */ = {
			isa = XCBuildConfiguration;
			buildSettings = {
				ALWAYS_SEARCH_USER_PATHS = NO;
				CLANG_ANALYZER_NONNULL = YES;
				CLANG_ANALYZER_NUMBER_OBJECT_CONVERSION = YES_AGGRESSIVE;
				CLANG_CXX_LANGUAGE_STANDARD = "gnu++17";
				CLANG_ENABLE_MODULES = YES;
				CLANG_ENABLE_OBJC_ARC = YES;
				CLANG_ENABLE_OBJC_WEAK = YES;
				CLANG_WARN_BLOCK_CAPTURE_AUTORELEASING = YES;
				CLANG_WARN_BOOL_CONVERSION = YES;
				CLANG_WARN_COMMA = YES;
				CLANG_WARN_CONSTANT_CONVERSION = YES;
				CLANG_WARN_DEPRECATED_OBJC_IMPLEMENTATIONS = YES;
				CLANG_WARN_DIRECT_OBJC_ISA_USAGE = YES_ERROR;
				CLANG_WARN_DOCUMENTATION_COMMENTS = YES;
				CLANG_WARN_EMPTY_BODY = YES;
				CLANG_WARN_ENUM_CONVERSION = YES;
				CLANG_WARN_INFINITE_RECURSION = YES;
				CLANG_WARN_INT_CONVERSION = YES;
				CLANG_WARN_NON_LITERAL_NULL_CONVERSION = YES;
				CLANG_WARN_OBJC_IMPLICIT_RETAIN_SELF = YES;
				CLANG_WARN_OBJC_LITERAL_CONVERSION = YES;
				CLANG_WARN_OBJC_ROOT_CLASS = YES_ERROR;
				CLANG_WARN_QUOTED_INCLUDE_IN_FRAMEWORK_HEADER = YES;
				CLANG_WARN_RANGE_LOOP_ANALYSIS = YES;
				CLANG_WARN_STRICT_PROTOTYPES = YES;
				CLANG_WARN_SUSPICIOUS_MOVE = YES;
				CLANG_WARN_UNGUARDED_AVAILABILITY = YES_AGGRESSIVE;
				CLANG_WARN_UNREACHABLE_CODE = YES;
				CLANG_WARN__DUPLICATE_METHOD_MATCH = YES;
				COPY_PHASE_STRIP = NO;
				DEBUG_INFORMATION_FORMAT = dwarf;
				ENABLE_STRICT_OBJC_MSGSEND = YES;
				ENABLE_TESTABILITY = YES;
				GCC_C_LANGUAGE_STANDARD = gnu11;
				GCC_DYNAMIC_NO_PIC = NO;
				GCC_NO_COMMON_BLOCKS = YES;
				GCC_OPTIMIZATION_LEVEL = 0;
				GCC_PREPROCESSOR_DEFINITIONS = (
					"DEBUG=1",
					"$(inherited)",
				);
				GCC_WARN_64_TO_32_BIT_CONVERSION = YES;
				GCC_WARN_ABOUT_RETURN_TYPE = YES_ERROR;
				GCC_WARN_UNDECLARED_SELECTOR = YES;
				GCC_WARN_UNINITIALIZED_AUTOS = YES_AGGRESSIVE;
				GCC_WARN_UNUSED_FUNCTION = YES;
				GCC_WARN_UNUSED_VARIABLE = YES;
				MTL_ENABLE_DEBUG_INFO = INCLUDE_SOURCE;
				MTL_FAST_MATH = YES;
				ONLY_ACTIVE_ARCH = YES;
				SWIFT_ACTIVE_COMPILATION_CONDITIONS = DEBUG;
				SWIFT_OPTIMIZATION_LEVEL = "-Onone";
			};
			name = Debug;
		};
		8C0F9D77285018BD0050276B /* Release */ = {
			isa = XCBuildConfiguration;
			buildSettings = {
				ALWAYS_SEARCH_USER_PATHS = NO;
				CLANG_ANALYZER_NONNULL = YES;
				CLANG_ANALYZER_NUMBER_OBJECT_CONVERSION = YES_AGGRESSIVE;
				CLANG_CXX_LANGUAGE_STANDARD = "gnu++17";
				CLANG_ENABLE_MODULES = YES;
				CLANG_ENABLE_OBJC_ARC = YES;
				CLANG_ENABLE_OBJC_WEAK = YES;
				CLANG_WARN_BLOCK_CAPTURE_AUTORELEASING = YES;
				CLANG_WARN_BOOL_CONVERSION = YES;
				CLANG_WARN_COMMA = YES;
				CLANG_WARN_CONSTANT_CONVERSION = YES;
				CLANG_WARN_DEPRECATED_OBJC_IMPLEMENTATIONS = YES;
				CLANG_WARN_DIRECT_OBJC_ISA_USAGE = YES_ERROR;
				CLANG_WARN_DOCUMENTATION_COMMENTS = YES;
				CLANG_WARN_EMPTY_BODY = YES;
				CLANG_WARN_ENUM_CONVERSION = YES;
				CLANG_WARN_INFINITE_RECURSION = YES;
				CLANG_WARN_INT_CONVERSION = YES;
				CLANG_WARN_NON_LITERAL_NULL_CONVERSION = YES;
				CLANG_WARN_OBJC_IMPLICIT_RETAIN_SELF = YES;
				CLANG_WARN_OBJC_LITERAL_CONVERSION = YES;
				CLANG_WARN_OBJC_ROOT_CLASS = YES_ERROR;
				CLANG_WARN_QUOTED_INCLUDE_IN_FRAMEWORK_HEADER = YES;
				CLANG_WARN_RANGE_LOOP_ANALYSIS = YES;
				CLANG_WARN_STRICT_PROTOTYPES = YES;
				CLANG_WARN_SUSPICIOUS_MOVE = YES;
				CLANG_WARN_UNGUARDED_AVAILABILITY = YES_AGGRESSIVE;
				CLANG_WARN_UNREACHABLE_CODE = YES;
				CLANG_WARN__DUPLICATE_METHOD_MATCH = YES;
				COPY_PHASE_STRIP = NO;
				DEBUG_INFORMATION_FORMAT = "dwarf-with-dsym";
				ENABLE_NS_ASSERTIONS = NO;
				ENABLE_STRICT_OBJC_MSGSEND = YES;
				GCC_C_LANGUAGE_STANDARD = gnu11;
				GCC_NO_COMMON_BLOCKS = YES;
				GCC_WARN_64_TO_32_BIT_CONVERSION = YES;
				GCC_WARN_ABOUT_RETURN_TYPE = YES_ERROR;
				GCC_WARN_UNDECLARED_SELECTOR = YES;
				GCC_WARN_UNINITIALIZED_AUTOS = YES_AGGRESSIVE;
				GCC_WARN_UNUSED_FUNCTION = YES;
				GCC_WARN_UNUSED_VARIABLE = YES;
				MTL_ENABLE_DEBUG_INFO = NO;
				MTL_FAST_MATH = YES;
				SWIFT_COMPILATION_MODE = wholemodule;
				SWIFT_OPTIMIZATION_LEVEL = "-O";
			};
			name = Release;
		};
		8C0F9D79285018BD0050276B /* Debug */ = {
			isa = XCBuildConfiguration;
			buildSettings = {
				ASSETCATALOG_COMPILER_APPICON_NAME = AppIcon;
				ASSETCATALOG_COMPILER_GLOBAL_ACCENT_COLOR_NAME = AccentColor;
				CODE_SIGN_STYLE = Automatic;
				CURRENT_PROJECT_VERSION = 1;
				DEVELOPMENT_TEAM = 6PZ68H7653;
				ENABLE_PREVIEWS = YES;
				GENERATE_INFOPLIST_FILE = YES;
				INFOPLIST_FILE = "Africa--iOS--Info.plist";
				INFOPLIST_KEY_UIApplicationSceneManifest_Generation = YES;
				INFOPLIST_KEY_UIApplicationSupportsIndirectInputEvents = YES;
				INFOPLIST_KEY_UISupportedInterfaceOrientations_iPad = "UIInterfaceOrientationPortrait UIInterfaceOrientationPortraitUpsideDown UIInterfaceOrientationLandscapeLeft UIInterfaceOrientationLandscapeRight";
				INFOPLIST_KEY_UISupportedInterfaceOrientations_iPhone = "UIInterfaceOrientationPortrait UIInterfaceOrientationLandscapeLeft UIInterfaceOrientationLandscapeRight";
				INFOPLIST_KEY_UIUserInterfaceStyle = Dark;
				IPHONEOS_DEPLOYMENT_TARGET = 15.5;
				LD_RUNPATH_SEARCH_PATHS = (
					"$(inherited)",
					"@executable_path/Frameworks",
				);
				MARKETING_VERSION = 1.0;
				PRODUCT_BUNDLE_IDENTIFIER = com.inerdgirl.Africa;
				PRODUCT_NAME = Africa;
				SDKROOT = iphoneos;
				SWIFT_EMIT_LOC_STRINGS = YES;
				SWIFT_VERSION = 5.0;
				TARGETED_DEVICE_FAMILY = "1,2";
			};
			name = Debug;
		};
		8C0F9D7A285018BD0050276B /* Release */ = {
			isa = XCBuildConfiguration;
			buildSettings = {
				ASSETCATALOG_COMPILER_APPICON_NAME = AppIcon;
				ASSETCATALOG_COMPILER_GLOBAL_ACCENT_COLOR_NAME = AccentColor;
				CODE_SIGN_STYLE = Automatic;
				CURRENT_PROJECT_VERSION = 1;
				DEVELOPMENT_TEAM = 6PZ68H7653;
				ENABLE_PREVIEWS = YES;
				GENERATE_INFOPLIST_FILE = YES;
				INFOPLIST_FILE = "Africa--iOS--Info.plist";
				INFOPLIST_KEY_UIApplicationSceneManifest_Generation = YES;
				INFOPLIST_KEY_UIApplicationSupportsIndirectInputEvents = YES;
				INFOPLIST_KEY_UISupportedInterfaceOrientations_iPad = "UIInterfaceOrientationPortrait UIInterfaceOrientationPortraitUpsideDown UIInterfaceOrientationLandscapeLeft UIInterfaceOrientationLandscapeRight";
				INFOPLIST_KEY_UISupportedInterfaceOrientations_iPhone = "UIInterfaceOrientationPortrait UIInterfaceOrientationLandscapeLeft UIInterfaceOrientationLandscapeRight";
				INFOPLIST_KEY_UIUserInterfaceStyle = Dark;
				IPHONEOS_DEPLOYMENT_TARGET = 15.5;
				LD_RUNPATH_SEARCH_PATHS = (
					"$(inherited)",
					"@executable_path/Frameworks",
				);
				MARKETING_VERSION = 1.0;
				PRODUCT_BUNDLE_IDENTIFIER = com.inerdgirl.Africa;
				PRODUCT_NAME = Africa;
				SDKROOT = iphoneos;
				SWIFT_EMIT_LOC_STRINGS = YES;
				SWIFT_VERSION = 5.0;
				TARGETED_DEVICE_FAMILY = "1,2";
				VALIDATE_PRODUCT = YES;
			};
			name = Release;
		};
		8C0F9D7C285018BD0050276B /* Debug */ = {
			isa = XCBuildConfiguration;
			buildSettings = {
				ASSETCATALOG_COMPILER_APPICON_NAME = AppIcon;
				ASSETCATALOG_COMPILER_GLOBAL_ACCENT_COLOR_NAME = AccentColor;
				CODE_SIGN_ENTITLEMENTS = macOS/macOS.entitlements;
				CODE_SIGN_STYLE = Automatic;
				COMBINE_HIDPI_IMAGES = YES;
				CURRENT_PROJECT_VERSION = 1;
				DEVELOPMENT_TEAM = 6PZ68H7653;
				ENABLE_HARDENED_RUNTIME = YES;
				ENABLE_PREVIEWS = YES;
				GENERATE_INFOPLIST_FILE = YES;
				INFOPLIST_KEY_NSHumanReadableCopyright = "";
				LD_RUNPATH_SEARCH_PATHS = (
					"$(inherited)",
					"@executable_path/../Frameworks",
				);
				MACOSX_DEPLOYMENT_TARGET = 12.3;
				MARKETING_VERSION = 1.0;
				PRODUCT_BUNDLE_IDENTIFIER = com.inerdgirl.Africa;
				PRODUCT_NAME = Africa;
				SDKROOT = macosx;
				SWIFT_EMIT_LOC_STRINGS = YES;
				SWIFT_VERSION = 5.0;
			};
			name = Debug;
		};
		8C0F9D7D285018BD0050276B /* Release */ = {
			isa = XCBuildConfiguration;
			buildSettings = {
				ASSETCATALOG_COMPILER_APPICON_NAME = AppIcon;
				ASSETCATALOG_COMPILER_GLOBAL_ACCENT_COLOR_NAME = AccentColor;
				CODE_SIGN_ENTITLEMENTS = macOS/macOS.entitlements;
				CODE_SIGN_STYLE = Automatic;
				COMBINE_HIDPI_IMAGES = YES;
				CURRENT_PROJECT_VERSION = 1;
				DEVELOPMENT_TEAM = 6PZ68H7653;
				ENABLE_HARDENED_RUNTIME = YES;
				ENABLE_PREVIEWS = YES;
				GENERATE_INFOPLIST_FILE = YES;
				INFOPLIST_KEY_NSHumanReadableCopyright = "";
				LD_RUNPATH_SEARCH_PATHS = (
					"$(inherited)",
					"@executable_path/../Frameworks",
				);
				MACOSX_DEPLOYMENT_TARGET = 12.3;
				MARKETING_VERSION = 1.0;
				PRODUCT_BUNDLE_IDENTIFIER = com.inerdgirl.Africa;
				PRODUCT_NAME = Africa;
				SDKROOT = macosx;
				SWIFT_EMIT_LOC_STRINGS = YES;
				SWIFT_VERSION = 5.0;
			};
			name = Release;
		};
/* End XCBuildConfiguration section */

/* Begin XCConfigurationList section */
		8C0F9D5E285018BD0050276B /* Build configuration list for PBXProject "Africa" */ = {
			isa = XCConfigurationList;
			buildConfigurations = (
				8C0F9D76285018BD0050276B /* Debug */,
				8C0F9D77285018BD0050276B /* Release */,
			);
			defaultConfigurationIsVisible = 0;
			defaultConfigurationName = Release;
		};
		8C0F9D78285018BD0050276B /* Build configuration list for PBXNativeTarget "Africa (iOS)" */ = {
			isa = XCConfigurationList;
			buildConfigurations = (
				8C0F9D79285018BD0050276B /* Debug */,
				8C0F9D7A285018BD0050276B /* Release */,
			);
			defaultConfigurationIsVisible = 0;
			defaultConfigurationName = Release;
		};
		8C0F9D7B285018BD0050276B /* Build configuration list for PBXNativeTarget "Africa (macOS)" */ = {
			isa = XCConfigurationList;
			buildConfigurations = (
				8C0F9D7C285018BD0050276B /* Debug */,
				8C0F9D7D285018BD0050276B /* Release */,
			);
			defaultConfigurationIsVisible = 0;
			defaultConfigurationName = Release;
		};
/* End XCConfigurationList section */
	};
	rootObject = 8C0F9D5B285018BD0050276B /* Project object */;
}
